
Microsoft Visual Studio Solution File, Format Version 12.00
# Visual Studio Version 16
VisualStudioVersion = 16.0.32228.343
MinimumVisualStudioVersion = 10.0.40219.1
Project("{6EC3EE1D-3C4E-46DD-8F32-0CC8E7565705}") = "modelo_calculadora", "modelo_calculadora\modelo_calculadora.fsproj", "{E212D4F2-AC3E-45C2-BD22-B9B11FFF5A32}"
EndProject
Global
	GlobalSection(SolutionConfigurationPlatforms) = preSolution
		Debug|Any CPU = Debug|Any CPU
		Release|Any CPU = Release|Any CPU
	EndGlobalSection
	GlobalSection(ProjectConfigurationPlatforms) = postSolution
		{E212D4F2-AC3E-45C2-BD22-B9B11FFF5A32}.Debug|Any CPU.ActiveCfg = Debug|Any CPU
		{E212D4F2-AC3E-45C2-BD22-B9B11FFF5A32}.Debug|Any CPU.Build.0 = Debug|Any CPU
		{E212D4F2-AC3E-45C2-BD22-B9B11FFF5A32}.Release|Any CPU.ActiveCfg = Release|Any CPU
		{E212D4F2-AC3E-45C2-BD22-B9B11FFF5A32}.Release|Any CPU.Build.0 = Release|Any CPU
	EndGlobalSection
	GlobalSection(SolutionProperties) = preSolution
		HideSolutionNode = FALSE
	EndGlobalSection
	GlobalSection(ExtensibilityGlobals) = postSolution
		SolutionGuid = {7F979BAF-FA2D-4A1B-964A-C5FB382C2A28}
	EndGlobalSection
EndGlobal
